
Microsoft Visual Studio Solution File, Format Version 12.00
# Visual Studio Version 17
VisualStudioVersion = 17.7.34221.43
MinimumVisualStudioVersion = 10.0.40219.1
Project("{FAE04EC0-301F-11D3-BF4B-00C04F79EFBC}") = "Colorize", "Colorize.csproj", "{410ADFB0-47D4-40D3-82BE-E7417A6F6E72}"
EndProject
Project("{FAE04EC0-301F-11D3-BF4B-00C04F79EFBC}") = "ColorizeTestPlugin", "..\ColorizeTestPlugin\ColorizeTestPlugin.csproj", "{3AD22AE1-A158-404E-84AB-0AD4AA0494C9}"
EndProject
Global
	GlobalSection(SolutionConfigurationPlatforms) = preSolution
		Debug|Any CPU = Debug|Any CPU
		Release|Any CPU = Release|Any CPU
	EndGlobalSection
	GlobalSection(ProjectConfigurationPlatforms) = postSolution
		{410ADFB0-47D4-40D3-82BE-E7417A6F6E72}.Debug|Any CPU.ActiveCfg = Debug|Any CPU
		{410ADFB0-47D4-40D3-82BE-E7417A6F6E72}.Debug|Any CPU.Build.0 = Debug|Any CPU
		{410ADFB0-47D4-40D3-82BE-E7417A6F6E72}.Release|Any CPU.ActiveCfg = Release|Any CPU
		{410ADFB0-47D4-40D3-82BE-E7417A6F6E72}.Release|Any CPU.Build.0 = Release|Any CPU
		{3AD22AE1-A158-404E-84AB-0AD4AA0494C9}.Debug|Any CPU.ActiveCfg = Debug|Any CPU
		{3AD22AE1-A158-404E-84AB-0AD4AA0494C9}.Debug|Any CPU.Build.0 = Debug|Any CPU
		{3AD22AE1-A158-404E-84AB-0AD4AA0494C9}.Release|Any CPU.ActiveCfg = Release|Any CPU
		{3AD22AE1-A158-404E-84AB-0AD4AA0494C9}.Release|Any CPU.Build.0 = Release|Any CPU
	EndGlobalSection
	GlobalSection(SolutionProperties) = preSolution
		HideSolutionNode = FALSE
	EndGlobalSection
	GlobalSection(ExtensibilityGlobals) = postSolution
		SolutionGuid = {E0200CCD-BF30-404F-9473-EDECF9809BC9}
	EndGlobalSection
EndGlobal
